Microsoft Visual Studio Solution File, Format Version 12.00
# Visual Studio Version 17
VisualStudioVersion = 17.0.31903.59
MinimumVisualStudioVersion = 10.0.40219.1


Project("{9A19103F-16F7-4668-BE54-9A1E7A4F7556}") = "Seu.Mail.Core", "Seu.Mail.Core\Seu.Mail.Core.csproj", "{00000000-0000-0000-0000-000000000000}"
EndProject
Project("{9A19103F-16F7-4668-BE54-9A1E7A4F7556}") = "Seu.Mail.Contracts", "Seu.Mail.Contracts\Seu.Mail.Contracts.csproj", "{00000000-0000-0000-0000-000000000000}"
EndProject
Project("{9A19103F-16F7-4668-BE54-9A1E7A4F7556}") = "Seu.Mail.Shared", "Seu.Mail.Shared\Seu.Mail.Shared.csproj", "{00000000-0000-0000-0000-000000000000}"
EndProject
Project("{9A19103F-16F7-4668-BE54-9A1E7A4F7556}") = "Seu.Mail.Data", "Seu.Mail.Data\Seu.Mail.Data.csproj", "{00000000-0000-0000-0000-000000000000}"
EndProject
Project("{9A19103F-16F7-4668-BE54-9A1E7A4F7556}") = "Seu.Mail.Services", "Seu.Mail.Services\Seu.Mail.Services.csproj", "{00000000-0000-0000-0000-000000000000}"
EndProject
Project("{9A19103F-16F7-4668-BE54-9A1E7A4F7556}") = "Seu.Mail.Calendar", "Seu.Mail.Calendar\Seu.Mail.Calendar.csproj", "{00000000-0000-0000-0000-000000000000}"
EndProject
Project("{9A19103F-16F7-4668-BE54-9A1E7A4F7556}") = "Seu.Mail.Web", "Seu.Mail.Web\Seu.Mail.Web.csproj", "{00000000-0000-0000-0000-000000000000}"
EndProject

Project("{9A19103F-16F7-4668-BE54-9A1E7A4F7556}") = "Seu.Mail.Tests", "Seu.Mail.Tests\Seu.Mail.Tests.csproj", "{00000000-0000-0000-0000-000000000000}"
EndProject

Project("{2150E333-8FDC-42A3-9474-1A3956D46DE8}") = "Solution Items", "Solution Items", "{00000000-0000-0000-0000-000000000000}"
	ProjectSection(SolutionItems) = preProject
		README.md = README.md
		LICENSE = LICENSE
		CHANGELOG.md = CHANGELOG.md
		CONTRIBUTING.md = CONTRIBUTING.md
		SECURITY.md = SECURITY.md
		.gitignore = .gitignore
		.gitattributes = .gitattributes
	EndProjectSection
EndProject

Global
	GlobalSection(SolutionConfigurationPlatforms) = preSolution
		Debug|Any CPU = Debug|Any CPU
		Release|Any CPU = Release|Any CPU
	EndGlobalSection

	GlobalSection(ProjectConfigurationPlatforms) = postSolution







		{00000000-0000-0000-0000-000000000000}.Debug|Any CPU.ActiveCfg = Debug|Any CPU
		{00000000-0000-0000-0000-000000000000}.Debug|Any CPU.Build.0 = Debug|Any CPU
	EndGlobalSection

	GlobalSection(SolutionProperties) = preSolution
		HideSolutionNode = FALSE
	EndGlobalSection
EndGlobal
